<?xml version="1.0" encoding="utf-8"?>
<Project ToolsVersion="4.0" xmlns="http://schemas.microsoft.com/developer/msbuild/2003">
  <ItemGroup>
    <Filter Include="源文件">
      <UniqueIdentifier>{4FC737F1-C7A5-4376-A066-2A32D752A2FF}</UniqueIdentifier>
      <Extensions>cpp;c;cc;cxx;def;odl;idl;hpj;bat;asm;asmx</Extensions>
    </Filter>
    <Filter Include="头文件">
      <UniqueIdentifier>{93995380-89BD-4b04-88EB-625FBE52EBFB}</UniqueIdentifier>
      <Extensions>h;hpp;hxx;hm;inl;inc;xsd</Extensions>
    </Filter>
    <Filter Include="资源文件">
      <UniqueIdentifier>{67DA6AB6-F800-4c08-8B7A-83BB121AAD01}</UniqueIdentifier>
      <Extensions>rc;ico;cur;bmp;dlg;rc2;rct;bin;rgs;gif;jpg;jpeg;jpe;resx;tiff;tif;png;wav;mfcribbon-ms</Extensions>
    </Filter>
    <Filter Include="MotionCard">
      <UniqueIdentifier>{372ef889-576c-401b-b3a7-c4b4cdc3e0dc}</UniqueIdentifier>
    </Filter>
    <Filter Include="CLASS">
      <UniqueIdentifier>{b033364e-8f93-4c98-bdbf-d08772bdea9c}</UniqueIdentifier>
    </Filter>
    <Filter Include="CLASS\SOCKET">
      <UniqueIdentifier>{b125fa06-4739-449a-a8b7-4b6d74b2e7f6}</UniqueIdentifier>
    </Filter>
    <Filter Include="CLASS\COM">
      <UniqueIdentifier>{7690e724-75e4-4a59-904c-894e1bc4e6e4}</UniqueIdentifier>
    </Filter>
    <Filter Include="CLASS\BCG">
      <UniqueIdentifier>{978d2967-5a74-4975-9af8-0c33156d017c}</UniqueIdentifier>
    </Filter>
    <Filter Include="CLASS\CAM">
      <UniqueIdentifier>{8205593d-62f1-4ce2-bf9a-1e17a21df34d}</UniqueIdentifier>
    </Filter>
    <Filter Include="CLASS\CWROB">
      <UniqueIdentifier>{ecae7e9c-2007-4a5b-8aa2-285acd5e24b0}</UniqueIdentifier>
    </Filter>
    <Filter Include="CLASS\MFCCTRL">
      <UniqueIdentifier>{b73f2c97-f57b-410c-b918-89900afd5ab3}</UniqueIdentifier>
    </Filter>
    <Filter Include="assistant">
      <UniqueIdentifier>{e4bcb0d9-2ac2-4204-95c2-4fbe55868117}</UniqueIdentifier>
    </Filter>
    <Filter Include="CLASS\CAL">
      <UniqueIdentifier>{3e56b4bf-211c-4217-9747-6b8922fb2e9d}</UniqueIdentifier>
    </Filter>
  </ItemGroup>
  <ItemGroup>
    <None Include="ReadMe.txt" />
    <None Include="res\CLASSTEST.rc2">
      <Filter>资源文件</Filter>
    </None>
    <None Include="res\CLASSTEST.ico">
      <Filter>资源文件</Filter>
    </None>
    <None Include="bg1.png">
      <Filter>资源文件</Filter>
    </None>
    <None Include="bg2.png">
      <Filter>资源文件</Filter>
    </None>
  </ItemGroup>
  <ItemGroup>
    <ClInclude Include="CLASSTEST.h">
      <Filter>头文件</Filter>
    </ClInclude>
    <ClInclude Include="CLASSTESTDlg.h">
      <Filter>头文件</Filter>
    </ClInclude>
    <ClInclude Include="stdafx.h">
      <Filter>头文件</Filter>
    </ClInclude>
    <ClInclude Include="targetver.h">
      <Filter>头文件</Filter>
    </ClInclude>
    <ClInclude Include="Resource.h">
      <Filter>头文件</Filter>
    </ClInclude>
    <ClInclude Include="BOSSCLASS.h">
      <Filter>头文件</Filter>
    </ClInclude>
    <ClInclude Include="ResDlg.h">
      <Filter>头文件</Filter>
    </ClInclude>
    <ClInclude Include="Def.h">
      <Filter>头文件</Filter>
    </ClInclude>
    <ClInclude Include="CLASS\SOCKET\ComSocket.h">
      <Filter>CLASS\SOCKET</Filter>
    </ClInclude>
    <ClInclude Include="CLASS\SOCKET\SocketManage.h">
      <Filter>CLASS\SOCKET</Filter>
    </ClInclude>
    <ClInclude Include="INC\MotionCard\Dmc1380.h">
      <Filter>MotionCard</Filter>
    </ClInclude>
    <ClInclude Include="INC\MotionCard\DMC2410.h">
      <Filter>MotionCard</Filter>
    </ClInclude>
    <ClInclude Include="INC\MotionCard\GoogolExtroIO.h">
      <Filter>MotionCard</Filter>
    </ClInclude>
    <ClInclude Include="INC\MotionCard\goolgol.h">
      <Filter>MotionCard</Filter>
    </ClInclude>
    <ClInclude Include="INC\MotionCard\gts.h">
      <Filter>MotionCard</Filter>
    </ClInclude>
    <ClInclude Include="INC\MotionCard\Input.h">
      <Filter>MotionCard</Filter>
    </ClInclude>
    <ClInclude Include="INC\MotionCard\LTDMC.h">
      <Filter>MotionCard</Filter>
    </ClInclude>
    <ClInclude Include="INC\MotionCard\MachineDef.h">
      <Filter>MotionCard</Filter>
    </ClInclude>
    <ClInclude Include="INC\MotionCard\MotionCard1.h">
      <Filter>MotionCard</Filter>
    </ClInclude>
    <ClInclude Include="INC\MotionCard\MotionDef.h">
      <Filter>MotionCard</Filter>
    </ClInclude>
    <ClInclude Include="INC\MotionCard\Motor.h">
      <Filter>MotionCard</Filter>
    </ClInclude>
    <ClInclude Include="INC\MotionCard\Output.h">
      <Filter>MotionCard</Filter>
    </ClInclude>
    <ClInclude Include="CLASS\COM\CommPort.h">
      <Filter>CLASS\COM</Filter>
    </ClInclude>
    <ClInclude Include="DefineOfString.h">
      <Filter>头文件</Filter>
    </ClInclude>
    <ClInclude Include="CLASS\BCG\BCGdlg.h">
      <Filter>CLASS\BCG</Filter>
    </ClInclude>
    <ClInclude Include="CLASS\BCG\CWBCG.h">
      <Filter>CLASS\BCG</Filter>
    </ClInclude>
    <ClInclude Include="CLASS\CAM\Camera.h">
      <Filter>CLASS\CAM</Filter>
    </ClInclude>
    <ClInclude Include="CLASS\CAM\ImageingSource.h">
      <Filter>CLASS\CAM</Filter>
    </ClInclude>
    <ClInclude Include="CLASS\CAM\Image.h">
      <Filter>CLASS\CAM</Filter>
    </ClInclude>
    <ClInclude Include="CLASS\CAM\YPtgCamera.h">
      <Filter>CLASS\CAM</Filter>
    </ClInclude>
    <ClInclude Include="CLASS\CAM\CamList.h">
      <Filter>CLASS\CAM</Filter>
    </ClInclude>
    <ClInclude Include="CLASS\CAM\KSJCamera.h">
      <Filter>CLASS\CAM</Filter>
    </ClInclude>
    <ClInclude Include="CLASS\ROB\WTalk.h">
      <Filter>CLASS\CWROB</Filter>
    </ClInclude>
    <ClInclude Include="CLASS\ROB\WROBO.h">
      <Filter>CLASS\CWROB</Filter>
    </ClInclude>
    <ClInclude Include="CLASS\ROB\WListen.h">
      <Filter>CLASS\CWROB</Filter>
    </ClInclude>
    <ClInclude Include="CLASS\ROB\speech_recognizer.h">
      <Filter>CLASS\CWROB</Filter>
    </ClInclude>
    <ClInclude Include="CLASS\ROB\winrec.h">
      <Filter>CLASS\CWROB</Filter>
    </ClInclude>
    <ClInclude Include="CLASS\ROB\pinyin.h">
      <Filter>CLASS\CWROB</Filter>
    </ClInclude>
    <ClInclude Include="CLASS\MFCCTRL\WMFCBtn.h">
      <Filter>CLASS\MFCCTRL</Filter>
    </ClInclude>
    <ClInclude Include="CLASS\MFCCTRL\GdipButton.h">
      <Filter>CLASS\MFCCTRL</Filter>
    </ClInclude>
    <ClInclude Include="CLASS\ROB\TuLing.h">
      <Filter>CLASS\CWROB</Filter>
    </ClInclude>
    <ClInclude Include="WCalibreate.h">
      <Filter>CLASS\CAL</Filter>
    </ClInclude>
    <ClInclude Include="YCIni.h">
      <Filter>assistant</Filter>
    </ClInclude>
    <ClInclude Include="XFunCom.h">
      <Filter>assistant</Filter>
    </ClInclude>
  </ItemGroup>
  <ItemGroup>
    <ClCompile Include="CLASSTEST.cpp">
      <Filter>源文件</Filter>
    </ClCompile>
    <ClCompile Include="CLASSTESTDlg.cpp">
      <Filter>源文件</Filter>
    </ClCompile>
    <ClCompile Include="stdafx.cpp">
      <Filter>源文件</Filter>
    </ClCompile>
    <ClCompile Include="BOSSCLASS.cpp">
      <Filter>源文件</Filter>
    </ClCompile>
    <ClCompile Include="ResDlg.cpp">
      <Filter>源文件</Filter>
    </ClCompile>
    <ClCompile Include="CLASS\SOCKET\ComSocket.cpp">
      <Filter>CLASS\SOCKET</Filter>
    </ClCompile>
    <ClCompile Include="CLASS\SOCKET\SocketManage.cpp">
      <Filter>CLASS\SOCKET</Filter>
    </ClCompile>
    <ClCompile Include="INC\MotionCard\GoogolExtroIO.cpp">
      <Filter>MotionCard</Filter>
    </ClCompile>
    <ClCompile Include="INC\MotionCard\goolgol.cpp">
      <Filter>MotionCard</Filter>
    </ClCompile>
    <ClCompile Include="INC\MotionCard\Input.cpp">
      <Filter>MotionCard</Filter>
    </ClCompile>
    <ClCompile Include="INC\MotionCard\MotionCard1.cpp">
      <Filter>MotionCard</Filter>
    </ClCompile>
    <ClCompile Include="INC\MotionCard\Motor.cpp">
      <Filter>MotionCard</Filter>
    </ClCompile>
    <ClCompile Include="INC\MotionCard\Output.cpp">
      <Filter>MotionCard</Filter>
    </ClCompile>
    <ClCompile Include="CLASS\COM\CommPort.cpp">
      <Filter>CLASS\COM</Filter>
    </ClCompile>
    <ClCompile Include="CLASS\BCG\CWBCG.cpp">
      <Filter>CLASS\BCG</Filter>
    </ClCompile>
    <ClCompile Include="class\bcg\bcgdlg.CPP">
      <Filter>CLASS\BCG</Filter>
    </ClCompile>
    <ClCompile Include="CLASS\CAM\Camera.cpp">
      <Filter>CLASS\CAM</Filter>
    </ClCompile>
    <ClCompile Include="CLASS\CAM\ImageingSource.cpp">
      <Filter>CLASS\CAM</Filter>
    </ClCompile>
    <ClCompile Include="CLASS\CAM\YPtgCamera.cpp">
      <Filter>CLASS\CAM</Filter>
    </ClCompile>
    <ClCompile Include="CLASS\CAM\CamList.cpp">
      <Filter>CLASS\CAM</Filter>
    </ClCompile>
    <ClCompile Include="CLASS\CAM\KSJCamera.cpp">
      <Filter>CLASS\CAM</Filter>
    </ClCompile>
    <ClCompile Include="CLASS\ROB\WTalk.cpp">
      <Filter>CLASS\CWROB</Filter>
    </ClCompile>
    <ClCompile Include="CLASS\ROB\WROBO.cpp">
      <Filter>CLASS\CWROB</Filter>
    </ClCompile>
    <ClCompile Include="CLASS\ROB\WListen.cpp">
      <Filter>CLASS\CWROB</Filter>
    </ClCompile>
    <ClCompile Include="CLASS\ROB\speech_recognizer.c">
      <Filter>CLASS\CWROB</Filter>
    </ClCompile>
    <ClCompile Include="CLASS\ROB\winrec.c">
      <Filter>CLASS\CWROB</Filter>
    </ClCompile>
    <ClCompile Include="CLASS\MFCCTRL\WMFCBtn.cpp">
      <Filter>CLASS\MFCCTRL</Filter>
    </ClCompile>
    <ClCompile Include="CLASS\MFCCTRL\GdipButton.cpp">
      <Filter>CLASS\MFCCTRL</Filter>
    </ClCompile>
    <ClCompile Include="CLASS\ROB\TuLing.cpp">
      <Filter>CLASS\CWROB</Filter>
    </ClCompile>
    <ClCompile Include="WCalibreate.cpp">
      <Filter>CLASS\CAL</Filter>
    </ClCompile>
    <ClCompile Include="XFunCom.cpp">
      <Filter>assistant</Filter>
    </ClCompile>
    <ClCompile Include="YCIni.cpp">
      <Filter>assistant</Filter>
    </ClCompile>
  </ItemGroup>
  <ItemGroup>
    <ResourceCompile Include="CLASSTEST.rc">
      <Filter>资源文件</Filter>
    </ResourceCompile>
  </ItemGroup>
</Project>